
Microsoft Visual Studio Solution File, Format Version 12.00
# Visual Studio 15
VisualStudioVersion = 15.0.26228.9
MinimumVisualStudioVersion = 10.0.40219.1
Project("{FAE04EC0-301F-11D3-BF4B-00C04F79EFBC}") = "NHK4Net", "NHK4Net\NHK4Net.csproj", "{EDBEFB00-0C5A-47A1-B3CF-75F96CD83340}"
EndProject
Project("{FAE04EC0-301F-11D3-BF4B-00C04F79EFBC}") = "NHK4Net.Console", "NHK4Net.Console\NHK4Net.Console.csproj", "{27BA9EAF-EC18-4DAC-B519-EF58E0967824}"
EndProject
Project("{FAE04EC0-301F-11D3-BF4B-00C04F79EFBC}") = "NHK4Net.Tests", "NHK4Net.Tests\NHK4Net.Tests.csproj", "{3452DEE3-614C-4EC9-AED0-E6415B845084}"
EndProject
Global
	GlobalSection(SolutionConfigurationPlatforms) = preSolution
		Debug|Any CPU = Debug|Any CPU
		Release|Any CPU = Release|Any CPU
	EndGlobalSection
	GlobalSection(ProjectConfigurationPlatforms) = postSolution
		{EDBEFB00-0C5A-47A1-B3CF-75F96CD83340}.Debug|Any CPU.ActiveCfg = Debug|Any CPU
		{EDBEFB00-0C5A-47A1-B3CF-75F96CD83340}.Debug|Any CPU.Build.0 = Debug|Any CPU
		{EDBEFB00-0C5A-47A1-B3CF-75F96CD83340}.Release|Any CPU.ActiveCfg = Release|Any CPU
		{EDBEFB00-0C5A-47A1-B3CF-75F96CD83340}.Release|Any CPU.Build.0 = Release|Any CPU
		{27BA9EAF-EC18-4DAC-B519-EF58E0967824}.Debug|Any CPU.ActiveCfg = Debug|Any CPU
		{27BA9EAF-EC18-4DAC-B519-EF58E0967824}.Debug|Any CPU.Build.0 = Debug|Any CPU
		{27BA9EAF-EC18-4DAC-B519-EF58E0967824}.Release|Any CPU.ActiveCfg = Release|Any CPU
		{27BA9EAF-EC18-4DAC-B519-EF58E0967824}.Release|Any CPU.Build.0 = Release|Any CPU
		{3452DEE3-614C-4EC9-AED0-E6415B845084}.Debug|Any CPU.ActiveCfg = Debug|Any CPU
		{3452DEE3-614C-4EC9-AED0-E6415B845084}.Debug|Any CPU.Build.0 = Debug|Any CPU
		{3452DEE3-614C-4EC9-AED0-E6415B845084}.Release|Any CPU.ActiveCfg = Release|Any CPU
		{3452DEE3-614C-4EC9-AED0-E6415B845084}.Release|Any CPU.Build.0 = Release|Any CPU
	EndGlobalSection
	GlobalSection(SolutionProperties) = preSolution
		HideSolutionNode = FALSE
	EndGlobalSection
EndGlobal
